
Microsoft Visual Studio Solution File, Format Version 12.00
# Visual Studio 15
VisualStudioVersion = 15.0.34729.27
MinimumVisualStudioVersion = 10.0.40219.1
Project("{FAE04EC0-301F-11D3-BF4B-00C04F79EFBC}") = "CRS", "CRS\CRS.csproj", "{59293D28-5041-4700-A444-6A5A02FC4624}"
EndProject
Global
	GlobalSection(SolutionConfigurationPlatforms) = preSolution
		Debug|Any CPU = Debug|Any CPU
		Release|Any CPU = Release|Any CPU
	EndGlobalSection
	GlobalSection(ProjectConfigurationPlatforms) = postSolution
		{59293D28-5041-4700-A444-6A5A02FC4624}.Debug|Any CPU.ActiveCfg = Debug|Any CPU
		{59293D28-5041-4700-A444-6A5A02FC4624}.Debug|Any CPU.Build.0 = Debug|Any CPU
		{59293D28-5041-4700-A444-6A5A02FC4624}.Release|Any CPU.ActiveCfg = Release|Any CPU
		{59293D28-5041-4700-A444-6A5A02FC4624}.Release|Any CPU.Build.0 = Release|Any CPU
	EndGlobalSection
	GlobalSection(SolutionProperties) = preSolution
		HideSolutionNode = FALSE
	EndGlobalSection
	GlobalSection(ExtensibilityGlobals) = postSolution
		SolutionGuid = {142E92FD-E8DA-4A00-9B94-1665E3DA6DF7}
	EndGlobalSection
EndGlobal
